{
    "name": "@chalda/simple-searchable-select",
    "version": "1.0.2",
    "lockfileVersion": 2,
    "requires": true,
    "packages": {
        "": {
            "name": "@chalda/simple-searchable-select",
            "version": "1.0.2",
            "license": "ISC",
            "funding": {
                "type": "donate",
                "url": "https://www.paypal.me/chaldapnuzig"
            }
        }
    }
}
